# THIS IS AN AUTOGENERATED FILE. DO NOT EDIT THIS FILE DIRECTLY.
# yarn lockfile v1


playwright-core@1.32.3:
  version "1.32.3"
  resolved "https://registry.yarnpkg.com/playwright-core/-/playwright-core-1.32.3.tgz#e6dc7db0b49e9b6c0b8073c4a2d789a96f519c48"
  integrity sha512-SB+cdrnu74ZIn5Ogh/8278ngEh9NEEV0vR4sJFmK04h2iZpybfbqBY0bX6+BLYWVdV12JLLI+JEFtSnYgR+mWg==

playwright@^1.32.3:
  version "1.32.3"
  resolved "https://registry.yarnpkg.com/playwright/-/playwright-1.32.3.tgz#88583167880e42ca04fa8c4cc303680f4ff457d0"
  integrity sha512-h/ylpgoj6l/EjkfUDyx8cdOlfzC96itPpPe8BXacFkqpw/YsuxkpPyVbzEq4jw+bAJh5FLgh31Ljg2cR6HV3uw==
  dependencies:
    playwright-core "1.32.3"
